
Microsoft Visual Studio Solution File, Format Version 12.00
# Visual Studio Version 17
VisualStudioVersion = 17.3.32922.545
MinimumVisualStudioVersion = 10.0.40219.1
Project("{FAE04EC0-301F-11D3-BF4B-00C04F79EFBC}") = "Command Runner", "Command Runner\Command Runner.csproj", "{16E1FF17-BEDD-4ABD-A8A2-3421C22CA659}"
EndProject
Project("{FAE04EC0-301F-11D3-BF4B-00C04F79EFBC}") = "CommandRunnerTests", "CommandRunnerTests\CommandRunnerTests.csproj", "{1191D904-E49A-462C-B92C-E28AAAB95C1F}"
EndProject
Global
	GlobalSection(SolutionConfigurationPlatforms) = preSolution
		Debug|Any CPU = Debug|Any CPU
		Release|Any CPU = Release|Any CPU
	EndGlobalSection
	GlobalSection(ProjectConfigurationPlatforms) = postSolution
		{16E1FF17-BEDD-4ABD-A8A2-3421C22CA659}.Debug|Any CPU.ActiveCfg = Debug|Any CPU
		{16E1FF17-BEDD-4ABD-A8A2-3421C22CA659}.Debug|Any CPU.Build.0 = Debug|Any CPU
		{16E1FF17-BEDD-4ABD-A8A2-3421C22CA659}.Release|Any CPU.ActiveCfg = Release|Any CPU
		{16E1FF17-BEDD-4ABD-A8A2-3421C22CA659}.Release|Any CPU.Build.0 = Release|Any CPU
		{1191D904-E49A-462C-B92C-E28AAAB95C1F}.Debug|Any CPU.ActiveCfg = Debug|Any CPU
		{1191D904-E49A-462C-B92C-E28AAAB95C1F}.Debug|Any CPU.Build.0 = Debug|Any CPU
		{1191D904-E49A-462C-B92C-E28AAAB95C1F}.Release|Any CPU.ActiveCfg = Release|Any CPU
		{1191D904-E49A-462C-B92C-E28AAAB95C1F}.Release|Any CPU.Build.0 = Release|Any CPU
	EndGlobalSection
	GlobalSection(SolutionProperties) = preSolution
		HideSolutionNode = FALSE
	EndGlobalSection
	GlobalSection(ExtensibilityGlobals) = postSolution
		SolutionGuid = {DB4EF7FF-51EA-4F89-BBBD-558230A58645}
	EndGlobalSection
EndGlobal
